
Microsoft Visual Studio Solution File, Format Version 12.00
# Visual Studio Version 17
VisualStudioVersion = 17.5.33516.290
MinimumVisualStudioVersion = 10.0.40219.1
Project("{9A19103F-16F7-4668-BE54-9A1E7A4F7556}") = "Rithm.Docs", "Rithm.Docs\Rithm.Docs.csproj", "{90183A40-065B-424D-9139-583ED8F96274}"
EndProject
Global
	GlobalSection(SolutionConfigurationPlatforms) = preSolution
		Debug|Any CPU = Debug|Any CPU
		Release|Any CPU = Release|Any CPU
	EndGlobalSection
	GlobalSection(ProjectConfigurationPlatforms) = postSolution
		{90183A40-065B-424D-9139-583ED8F96274}.Debug|Any CPU.ActiveCfg = Debug|Any CPU
		{90183A40-065B-424D-9139-583ED8F96274}.Debug|Any CPU.Build.0 = Debug|Any CPU
		{90183A40-065B-424D-9139-583ED8F96274}.Release|Any CPU.ActiveCfg = Release|Any CPU
		{90183A40-065B-424D-9139-583ED8F96274}.Release|Any CPU.Build.0 = Release|Any CPU
	EndGlobalSection
	GlobalSection(SolutionProperties) = preSolution
		HideSolutionNode = FALSE
	EndGlobalSection
	GlobalSection(ExtensibilityGlobals) = postSolution
		SolutionGuid = {D4694D90-A42D-43C2-A663-CC800AC753EC}
	EndGlobalSection
EndGlobal
